// !$*UTF8*$!
{
	archiveVersion = 1;
	classes = {
	};
	objectVersion = 55;
	objects = {

/* Begin PBXBuildFile section */
		EADBDAFD275E795700B7103E /* AppDelegate.swift in Sources */ = {isa = PBXBuildFile; fileRef = EADBDAFC275E795700B7103E /* AppDelegate.swift */; };
		EADBDAFF275E795700B7103E /* SceneDelegate.swift in Sources */ = {isa = PBXBuildFile; fileRef = EADBDAFE275E795700B7103E /* SceneDelegate.swift */; };
		EADBDB01275E795700B7103E /* ViewController.swift in Sources */ = {isa = PBXBuildFile; fileRef = EADBDB00275E795700B7103E /* ViewController.swift */; };
		EADBDB04275E795700B7103E /* Main.storyboard in Resources */ = {isa = PBXBuildFile; fileRef = EADBDB02275E795700B7103E /* Main.storyboard */; };
		EADBDB07275E795700B7103E /* Research_Papers.xcdatamodeld in Sources */ = {isa = PBXBuildFile; fileRef = EADBDB05275E795700B7103E /* Research_Papers.xcdatamodeld */; };
		EADBDB09275E795900B7103E /* Assets.xcassets in Resources */ = {isa = PBXBuildFile; fileRef = EADBDB08275E795900B7103E /* Assets.xcassets */; };
		EADBDB0C275E795900B7103E /* LaunchScreen.storyboard in Resources */ = {isa = PBXBuildFile; fileRef = EADBDB0A275E795900B7103E /* LaunchScreen.storyboard */; };
		EADBDB14275EBB9800B7103E /* ResearchPapersTVC.swift in Sources */ = {isa = PBXBuildFile; fileRef = EADBDB13275EBB9800B7103E /* ResearchPapersTVC.swift */; };
		EADBDB16275EBE3300B7103E /* dataModel.swift in Sources */ = {isa = PBXBuildFile; fileRef = EADBDB15275EBE3300B7103E /* dataModel.swift */; };
/* End PBXBuildFile section */

/* Begin PBXFileReference section */
		EADBDAF9275E795700B7103E /* Research Papers.app */ = {isa = PBXFileReference; explicitFileType = wrapper.application; includeInIndex = 0; path = "Research Papers.app"; sourceTree = BUILT_PRODUCTS_DIR; };
		EADBDAFC275E795700B7103E /* AppDelegate.swift */ = {isa = PBXFileReference; lastKnownFileType = sourcecode.swift; path = AppDelegate.swift; sourceTree = "<group>"; };
		EADBDAFE275E795700B7103E /* SceneDelegate.swift */ = {isa = PBXFileReference; lastKnownFileType = sourcecode.swift; path = SceneDelegate.swift; sourceTree = "<group>"; };
		EADBDB00275E795700B7103E /* ViewController.swift */ = {isa = PBXFileReference; lastKnownFileType = sourcecode.swift; path = ViewController.swift; sourceTree = "<group>"; };
		EADBDB03275E795700B7103E /* Base */ = {isa = PBXFileReference; lastKnownFileType = file.storyboard; name = Base; path = Base.lproj/Main.storyboard; sourceTree = "<group>"; };
		EADBDB06275E795700B7103E /* Research_Papers.xcdatamodel */ = {isa = PBXFileReference; lastKnownFileType = wrapper.xcdatamodel; path = Research_Papers.xcdatamodel; sourceTree = "<group>"; };
		EADBDB08275E795900B7103E /* Assets.xcassets */ = {isa = PBXFileReference; lastKnownFileType = folder.assetcatalog; path = Assets.xcassets; sourceTree = "<group>"; };
		EADBDB0B275E795900B7103E /* Base */ = {isa = PBXFileReference; lastKnownFileType = file.storyboard; name = Base; path = Base.lproj/LaunchScreen.storyboard; sourceTree = "<group>"; };
		EADBDB0D275E795900B7103E /* Info.plist */ = {isa = PBXFileReference; lastKnownFileType = text.plist.xml; path = Info.plist; sourceTree = "<group>"; };
		EADBDB13275EBB9800B7103E /* ResearchPapersTVC.swift */ = {isa = PBXFileReference; lastKnownFileType = sourcecode.swift; path = ResearchPapersTVC.swift; sourceTree = "<group>"; };
		EADBDB15275EBE3300B7103E /* dataModel.swift */ = {isa = PBXFileReference; lastKnownFileType = sourcecode.swift; path = dataModel.swift; sourceTree = "<group>"; };
/* End PBXFileReference section */

/* Begin PBXFrameworksBuildPhase section */
		EADBDAF6275E795700B7103E /* Frameworks */ = {
			isa = PBXFrameworksBuildPhase;
			buildActionMask = 2147483647;
			files = (
			);
			runOnlyForDeploymentPostprocessing = 0;
		};
/* End PBXFrameworksBuildPhase section */

/* Begin PBXGroup section */
		EADBDAF0275E795700B7103E = {
			isa = PBXGroup;
			children = (
				EADBDAFB275E795700B7103E /* Research Papers */,
				EADBDAFA275E795700B7103E /* Products */,
			);
			sourceTree = "<group>";
		};
		EADBDAFA275E795700B7103E /* Products */ = {
			isa = PBXGroup;
			children = (
				EADBDAF9275E795700B7103E /* Research Papers.app */,
			);
			name = Products;
			sourceTree = "<group>";
		};
		EADBDAFB275E795700B7103E /* Research Papers */ = {
			isa = PBXGroup;
			children = (
				EADBDAFC275E795700B7103E /* AppDelegate.swift */,
				EADBDAFE275E795700B7103E /* SceneDelegate.swift */,
				EADBDB00275E795700B7103E /* ViewController.swift */,
				EADBDB13275EBB9800B7103E /* ResearchPapersTVC.swift */,
				EADBDB02275E795700B7103E /* Main.storyboard */,
				EADBDB15275EBE3300B7103E /* dataModel.swift */,
				EADBDB08275E795900B7103E /* Assets.xcassets */,
				EADBDB0A275E795900B7103E /* LaunchScreen.storyboard */,
				EADBDB0D275E795900B7103E /* Info.plist */,
				EADBDB05275E795700B7103E /* Research_Papers.xcdatamodeld */,
			);
			path = "Research Papers";
			sourceTree = "<group>";
		};
/* End PBXGroup section */

/* Begin PBXNativeTarget section */
		EADBDAF8275E795700B7103E /* Research Papers */ = {
			isa = PBXNativeTarget;
			buildConfigurationList = EADBDB10275E795900B7103E /* Build configuration list for PBXNativeTarget "Research Papers" */;
			buildPhases = (
				EADBDAF5275E795700B7103E /* Sources */,
				EADBDAF6275E795700B7103E /* Frameworks */,
				EADBDAF7275E795700B7103E /* Resources */,
			);
			buildRules = (
			);
			dependencies = (
			);
			name = "Research Papers";
			productName = "Research Papers";
			productReference = EADBDAF9275E795700B7103E /* Research Papers.app */;
			productType = "com.apple.product-type.application";
		};
/* End PBXNativeTarget section */

/* Begin PBXProject section */
		EADBDAF1275E795700B7103E /* Project object */ = {
			isa = PBXProject;
			attributes = {
				BuildIndependentTargetsInParallel = 1;
				LastSwiftUpdateCheck = 1300;
				LastUpgradeCheck = 1300;
				TargetAttributes = {
					EADBDAF8275E795700B7103E = {
						CreatedOnToolsVersion = 13.0;
					};
				};
			};
			buildConfigurationList = EADBDAF4275E795700B7103E /* Build configuration list for PBXProject "Research Papers" */;
			compatibilityVersion = "Xcode 13.0";
			developmentRegion = en;
			hasScannedForEncodings = 0;
			knownRegions = (
				en,
				Base,
			);
			mainGroup = EADBDAF0275E795700B7103E;
			productRefGroup = EADBDAFA275E795700B7103E /* Products */;
			projectDirPath = "";
			projectRoot = "";
			targets = (
				EADBDAF8275E795700B7103E /* Research Papers */,
			);
		};
/* End PBXProject section */

/* Begin PBXResourcesBuildPhase section */
		EADBDAF7275E795700B7103E /* Resources */ = {
			isa = PBXResourcesBuildPhase;
			buildActionMask = 2147483647;
			files = (
				EADBDB0C275E795900B7103E /* LaunchScreen.storyboard in Resources */,
				EADBDB09275E795900B7103E /* Assets.xcassets in Resources */,
				EADBDB04275E795700B7103E /* Main.storyboard in Resources */,
			);
			runOnlyForDeploymentPostprocessing = 0;
		};
/* End PBXResourcesBuildPhase section */

/* Begin PBXSourcesBuildPhase section */
		EADBDAF5275E795700B7103E /* Sources */ = {
			isa = PBXSourcesBuildPhase;
			buildActionMask = 2147483647;
			files = (
				EADBDB01275E795700B7103E /* ViewController.swift in Sources */,
				EADBDB14275EBB9800B7103E /* ResearchPapersTVC.swift in Sources */,
				EADBDAFD275E795700B7103E /* AppDelegate.swift in Sources */,
				EADBDAFF275E795700B7103E /* SceneDelegate.swift in Sources */,
				EADBDB07275E795700B7103E /* Research_Papers.xcdatamodeld in Sources */,
				EADBDB16275EBE3300B7103E /* dataModel.swift in Sources */,
			);
			runOnlyForDeploymentPostprocessing = 0;
		};
/* End PBXSourcesBuildPhase section */

/* Begin PBXVariantGroup section */
		EADBDB02275E795700B7103E /* Main.storyboard */ = {
			isa = PBXVariantGroup;
			children = (
				EADBDB03275E795700B7103E /* Base */,
			);
			name = Main.storyboard;
			sourceTree = "<group>";
		};
		EADBDB0A275E795900B7103E /* LaunchScreen.storyboard */ = {
			isa = PBXVariantGroup;
			children = (
				EADBDB0B275E795900B7103E /* Base */,
			);
			name = LaunchScreen.storyboard;
			sourceTree = "<group>";
		};
/* End PBXVariantGroup section */

/* Begin XCBuildConfiguration section */
		EADBDB0E275E795900B7103E /* Debug */ = {
			isa = XCBuildConfiguration;
			buildSettings = {
				ALWAYS_SEARCH_USER_PATHS = NO;
				CLANG_ANALYZER_NONNULL = YES;
				CLANG_ANALYZER_NUMBER_OBJECT_CONVERSION = YES_AGGRESSIVE;
				CLANG_CXX_LANGUAGE_STANDARD = "gnu++17";
				CLANG_CXX_LIBRARY = "libc++";
				CLANG_ENABLE_MODULES = YES;
				CLANG_ENABLE_OBJC_ARC = YES;
				CLANG_ENABLE_OBJC_WEAK = YES;
				CLANG_WARN_BLOCK_CAPTURE_AUTORELEASING = YES;
				CLANG_WARN_BOOL_CONVERSION = YES;
				CLANG_WARN_COMMA = YES;
				CLANG_WARN_CONSTANT_CONVERSION = YES;
				CLANG_WARN_DEPRECATED_OBJC_IMPLEMENTATIONS = YES;
				CLANG_WARN_DIRECT_OBJC_ISA_USAGE = YES_ERROR;
				CLANG_WARN_DOCUMENTATION_COMMENTS = YES;
				CLANG_WARN_EMPTY_BODY = YES;
				CLANG_WARN_ENUM_CONVERSION = YES;
				CLANG_WARN_INFINITE_RECURSION = YES;
				CLANG_WARN_INT_CONVERSION = YES;
				CLANG_WARN_NON_LITERAL_NULL_CONVERSION = YES;
				CLANG_WARN_OBJC_IMPLICIT_RETAIN_SELF = YES;
				CLANG_WARN_OBJC_LITERAL_CONVERSION = YES;
				CLANG_WARN_OBJC_ROOT_CLASS = YES_ERROR;
				CLANG_WARN_QUOTED_INCLUDE_IN_FRAMEWORK_HEADER = YES;
				CLANG_WARN_RANGE_LOOP_ANALYSIS = YES;
				CLANG_WARN_STRICT_PROTOTYPES = YES;
				CLANG_WARN_SUSPICIOUS_MOVE = YES;
				CLANG_WARN_UNGUARDED_AVAILABILITY = YES_AGGRESSIVE;
				CLANG_WARN_UNREACHABLE_CODE = YES;
				CLANG_WARN__DUPLICATE_METHOD_MATCH = YES;
				COPY_PHASE_STRIP = NO;
				DEBUG_INFORMATION_FORMAT = dwarf;
				ENABLE_STRICT_OBJC_MSGSEND = YES;
				ENABLE_TESTABILITY = YES;
				GCC_C_LANGUAGE_STANDARD = gnu11;
				GCC_DYNAMIC_NO_PIC = NO;
				GCC_NO_COMMON_BLOCKS = YES;
				GCC_OPTIMIZATION_LEVEL = 0;
				GCC_PREPROCESSOR_DEFINITIONS = (
					"DEBUG=1",
					"$(inherited)",
				);
				GCC_WARN_64_TO_32_BIT_CONVERSION = YES;
				GCC_WARN_ABOUT_RETURN_TYPE = YES_ERROR;
				GCC_WARN_UNDECLARED_SELECTOR = YES;
				GCC_WARN_UNINITIALIZED_AUTOS = YES_AGGRESSIVE;
				GCC_WARN_UNUSED_FUNCTION = YES;
				GCC_WARN_UNUSED_VARIABLE = YES;
				IPHONEOS_DEPLOYMENT_TARGET = 15.0;
				MTL_ENABLE_DEBUG_INFO = INCLUDE_SOURCE;
				MTL_FAST_MATH = YES;
				ONLY_ACTIVE_ARCH = YES;
				SDKROOT = iphoneos;
				SWIFT_ACTIVE_COMPILATION_CONDITIONS = DEBUG;
				SWIFT_OPTIMIZATION_LEVEL = "-Onone";
			};
			name = Debug;
		};
		EADBDB0F275E795900B7103E /* Release */ = {
			isa = XCBuildConfiguration;
			buildSettings = {
				ALWAYS_SEARCH_USER_PATHS = NO;
				CLANG_ANALYZER_NONNULL = YES;
				CLANG_ANALYZER_NUMBER_OBJECT_CONVERSION = YES_AGGRESSIVE;
				CLANG_CXX_LANGUAGE_STANDARD = "gnu++17";
				CLANG_CXX_LIBRARY = "libc++";
				CLANG_ENABLE_MODULES = YES;
				CLANG_ENABLE_OBJC_ARC = YES;
				CLANG_ENABLE_OBJC_WEAK = YES;
				CLANG_WARN_BLOCK_CAPTURE_AUTORELEASING = YES;
				CLANG_WARN_BOOL_CONVERSION = YES;
				CLANG_WARN_COMMA = YES;
				CLANG_WARN_CONSTANT_CONVERSION = YES;
				CLANG_WARN_DEPRECATED_OBJC_IMPLEMENTATIONS = YES;
				CLANG_WARN_DIRECT_OBJC_ISA_USAGE = YES_ERROR;
				CLANG_WARN_DOCUMENTATION_COMMENTS = YES;
				CLANG_WARN_EMPTY_BODY = YES;
				CLANG_WARN_ENUM_CONVERSION = YES;
				CLANG_WARN_INFINITE_RECURSION = YES;
				CLANG_WARN_INT_CONVERSION = YES;
				CLANG_WARN_NON_LITERAL_NULL_CONVERSION = YES;
				CLANG_WARN_OBJC_IMPLICIT_RETAIN_SELF = YES;
				CLANG_WARN_OBJC_LITERAL_CONVERSION = YES;
				CLANG_WARN_OBJC_ROOT_CLASS = YES_ERROR;
				CLANG_WARN_QUOTED_INCLUDE_IN_FRAMEWORK_HEADER = YES;
				CLANG_WARN_RANGE_LOOP_ANALYSIS = YES;
				CLANG_WARN_STRICT_PROTOTYPES = YES;
				CLANG_WARN_SUSPICIOUS_MOVE = YES;
				CLANG_WARN_UNGUARDED_AVAILABILITY = YES_AGGRESSIVE;
				CLANG_WARN_UNREACHABLE_CODE = YES;
				CLANG_WARN__DUPLICATE_METHOD_MATCH = YES;
				COPY_PHASE_STRIP = NO;
				DEBUG_INFORMATION_FORMAT = "dwarf-with-dsym";
				ENABLE_NS_ASSERTIONS = NO;
				ENABLE_STRICT_OBJC_MSGSEND = YES;
				GCC_C_LANGUAGE_STANDARD = gnu11;
				GCC_NO_COMMON_BLOCKS = YES;
				GCC_WARN_64_TO_32_BIT_CONVERSION = YES;
				GCC_WARN_ABOUT_RETURN_TYPE = YES_ERROR;
				GCC_WARN_UNDECLARED_SELECTOR = YES;
				GCC_WARN_UNINITIALIZED_AUTOS = YES_AGGRESSIVE;
				GCC_WARN_UNUSED_FUNCTION = YES;
				GCC_WARN_UNUSED_VARIABLE = YES;
				IPHONEOS_DEPLOYMENT_TARGET = 15.0;
				MTL_ENABLE_DEBUG_INFO = NO;
				MTL_FAST_MATH = YES;
				SDKROOT = iphoneos;
				SWIFT_COMPILATION_MODE = wholemodule;
				SWIFT_OPTIMIZATION_LEVEL = "-O";
				VALIDATE_PRODUCT = YES;
			};
			name = Release;
		};
		EADBDB11275E795900B7103E /* Debug */ = {
			isa = XCBuildConfiguration;
			buildSettings = {
				ASSETCATALOG_COMPILER_APPICON_NAME = AppIcon;
				ASSETCATALOG_COMPILER_GLOBAL_ACCENT_COLOR_NAME = AccentColor;
				CODE_SIGN_STYLE = Automatic;
				CURRENT_PROJECT_VERSION = 1;
				GENERATE_INFOPLIST_FILE = YES;
				INFOPLIST_FILE = "Research Papers/Info.plist";
				INFOPLIST_KEY_UIApplicationSupportsIndirectInputEvents = YES;
				INFOPLIST_KEY_UILaunchStoryboardName = LaunchScreen;
				INFOPLIST_KEY_UIMainStoryboardFile = Main;
				INFOPLIST_KEY_UISupportedInterfaceOrientations_iPad = "UIInterfaceOrientationPortrait UIInterfaceOrientationPortraitUpsideDown UIInterfaceOrientationLandscapeLeft UIInterfaceOrientationLandscapeRight";
				INFOPLIST_KEY_UISupportedInterfaceOrientations_iPhone = "UIInterfaceOrientationPortrait UIInterfaceOrientationLandscapeLeft UIInterfaceOrientationLandscapeRight";
				LD_RUNPATH_SEARCH_PATHS = (
					"$(inherited)",
					"@executable_path/Frameworks",
				);
				MARKETING_VERSION = 1.0;
				PRODUCT_BUNDLE_IDENTIFIER = "com.Robert.Onuma.Research-Papers";
				PRODUCT_NAME = "$(TARGET_NAME)";
				SWIFT_EMIT_LOC_STRINGS = YES;
				SWIFT_VERSION = 5.0;
				TARGETED_DEVICE_FAMILY = "1,2";
			};
			name = Debug;
		};
		EADBDB12275E795900B7103E /* Release */ = {
			isa = XCBuildConfiguration;
			buildSettings = {
				ASSETCATALOG_COMPILER_APPICON_NAME = AppIcon;
				ASSETCATALOG_COMPILER_GLOBAL_ACCENT_COLOR_NAME = AccentColor;
				CODE_SIGN_STYLE = Automatic;
				CURRENT_PROJECT_VERSION = 1;
				GENERATE_INFOPLIST_FILE = YES;
				INFOPLIST_FILE = "Research Papers/Info.plist";
				INFOPLIST_KEY_UIApplicationSupportsIndirectInputEvents = YES;
				INFOPLIST_KEY_UILaunchStoryboardName = LaunchScreen;
				INFOPLIST_KEY_UIMainStoryboardFile = Main;
				INFOPLIST_KEY_UISupportedInterfaceOrientations_iPad = "UIInterfaceOrientationPortrait UIInterfaceOrientationPortraitUpsideDown UIInterfaceOrientationLandscapeLeft UIInterfaceOrientationLandscapeRight";
				INFOPLIST_KEY_UISupportedInterfaceOrientations_iPhone = "UIInterfaceOrientationPortrait UIInterfaceOrientationLandscapeLeft UIInterfaceOrientationLandscapeRight";
				LD_RUNPATH_SEARCH_PATHS = (
					"$(inherited)",
					"@executable_path/Frameworks",
				);
				MARKETING_VERSION = 1.0;
				PRODUCT_BUNDLE_IDENTIFIER = "com.Robert.Onuma.Research-Papers";
				PRODUCT_NAME = "$(TARGET_NAME)";
				SWIFT_EMIT_LOC_STRINGS = YES;
				SWIFT_VERSION = 5.0;
				TARGETED_DEVICE_FAMILY = "1,2";
			};
			name = Release;
		};
/* End XCBuildConfiguration section */

/* Begin XCConfigurationList section */
		EADBDAF4275E795700B7103E /* Build configuration list for PBXProject "Research Papers" */ = {
			isa = XCConfigurationList;
			buildConfigurations = (
				EADBDB0E275E795900B7103E /* Debug */,
				EADBDB0F275E795900B7103E /* Release */,
			);
			defaultConfigurationIsVisible = 0;
			defaultConfigurationName = Release;
		};
		EADBDB10275E795900B7103E /* Build configuration list for PBXNativeTarget "Research Papers" */ = {
			isa = XCConfigurationList;
			buildConfigurations = (
				EADBDB11275E795900B7103E /* Debug */,
				EADBDB12275E795900B7103E /* Release */,
			);
			defaultConfigurationIsVisible = 0;
			defaultConfigurationName = Release;
		};
/* End XCConfigurationList section */

/* Begin XCVersionGroup section */
		EADBDB05275E795700B7103E /* Research_Papers.xcdatamodeld */ = {
			isa = XCVersionGroup;
			children = (
				EADBDB06275E795700B7103E /* Research_Papers.xcdatamodel */,
			);
			currentVersion = EADBDB06275E795700B7103E /* Research_Papers.xcdatamodel */;
			path = Research_Papers.xcdatamodeld;
			sourceTree = "<group>";
			versionGroupType = wrapper.xcdatamodel;
		};
/* End XCVersionGroup section */
	};
	rootObject = EADBDAF1275E795700B7103E /* Project object */;
}
